
Microsoft Visual Studio Solution File, Format Version 11.00
# Visual Studio 2010
Project("{FAE04EC0-301F-11D3-BF4B-00C04F79EFBC}") = "BattleArena-TitanSouls--master", "Assembly-CSharp.csproj", "{5506C2A5-E262-927D-1250-9CE6B6F7D5C8}"
EndProject
Project("{FAE04EC0-301F-11D3-BF4B-00C04F79EFBC}") = "BattleArena-TitanSouls--master", "Assembly-CSharp-Editor.csproj", "{9B01526C-668A-82E7-3700-C6930AADD998}"
EndProject
Global
	GlobalSection(SolutionConfigurationPlatforms) = preSolution
		Debug|Any CPU = Debug|Any CPU
		Release|Any CPU = Release|Any CPU
	EndGlobalSection
	GlobalSection(ProjectConfigurationPlatforms) = postSolution
		{5506C2A5-E262-927D-1250-9CE6B6F7D5C8}.Debug|Any CPU.ActiveCfg = Debug|Any CPU
		{5506C2A5-E262-927D-1250-9CE6B6F7D5C8}.Debug|Any CPU.Build.0 = Debug|Any CPU
		{5506C2A5-E262-927D-1250-9CE6B6F7D5C8}.Release|Any CPU.ActiveCfg = Release|Any CPU
		{5506C2A5-E262-927D-1250-9CE6B6F7D5C8}.Release|Any CPU.Build.0 = Release|Any CPU
		{9B01526C-668A-82E7-3700-C6930AADD998}.Debug|Any CPU.ActiveCfg = Debug|Any CPU
		{9B01526C-668A-82E7-3700-C6930AADD998}.Debug|Any CPU.Build.0 = Debug|Any CPU
		{9B01526C-668A-82E7-3700-C6930AADD998}.Release|Any CPU.ActiveCfg = Release|Any CPU
		{9B01526C-668A-82E7-3700-C6930AADD998}.Release|Any CPU.Build.0 = Release|Any CPU
	EndGlobalSection
	GlobalSection(SolutionProperties) = preSolution
		HideSolutionNode = FALSE
	EndGlobalSection
	GlobalSection(MonoDevelopProperties) = preSolution
		StartupItem = Assembly-CSharp.csproj
	EndGlobalSection
EndGlobal
